
Microsoft Visual Studio Solution File, Format Version 12.00
# Visual Studio Version 16
VisualStudioVersion = 16.0.30002.166
MinimumVisualStudioVersion = 10.0.40219.1
Project("{FAE04EC0-301F-11D3-BF4B-00C04F79EFBC}") = "ConsoleApp1", "ConsoleApp1\ConsoleApp1.csproj", "{80A50EC9-CDE6-4BA7-936B-C5CAE463E386}"
EndProject
Global
	GlobalSection(SolutionConfigurationPlatforms) = preSolution
		Debug|Any CPU = Debug|Any CPU
		Release|Any CPU = Release|Any CPU
	EndGlobalSection
	GlobalSection(ProjectConfigurationPlatforms) = postSolution
		{80A50EC9-CDE6-4BA7-936B-C5CAE463E386}.Debug|Any CPU.ActiveCfg = Debug|Any CPU
		{80A50EC9-CDE6-4BA7-936B-C5CAE463E386}.Debug|Any CPU.Build.0 = Debug|Any CPU
		{80A50EC9-CDE6-4BA7-936B-C5CAE463E386}.Release|Any CPU.ActiveCfg = Release|Any CPU
		{80A50EC9-CDE6-4BA7-936B-C5CAE463E386}.Release|Any CPU.Build.0 = Release|Any CPU
	EndGlobalSection
	GlobalSection(SolutionProperties) = preSolution
		HideSolutionNode = FALSE
	EndGlobalSection
	GlobalSection(ExtensibilityGlobals) = postSolution
		SolutionGuid = {915D72BF-1A59-42DE-9B87-B0FDE14D4060}
	EndGlobalSection
EndGlobal
